// !$*UTF8*$!
{
	archiveVersion = 1;
	classes = {
	};
	objectVersion = 46;
	objects = {

/* Begin PBXBuildFile section */
		846BC0071A45FBC900D2ABB0 /* main.m in Sources */ = {isa = PBXBuildFile; fileRef = 846BC0061A45FBC900D2ABB0 /* main.m */; };
		846BC00A1A45FBC900D2ABB0 /* AppDelegate.m in Sources */ = {isa = PBXBuildFile; fileRef = 846BC0091A45FBC900D2ABB0 /* AppDelegate.m */; };
		846BC0101A45FBC900D2ABB0 /* Main.storyboard in Resources */ = {isa = PBXBuildFile; fileRef = 846BC00E1A45FBC900D2ABB0 /* Main.storyboard */; };
		846BC0121A45FBC900D2ABB0 /* Images.xcassets in Resources */ = {isa = PBXBuildFile; fileRef = 846BC0111A45FBC900D2ABB0 /* Images.xcassets */; };
		846BC0151A45FBC900D2ABB0 /* LaunchScreen.xib in Resources */ = {isa = PBXBuildFile; fileRef = 846BC0131A45FBC900D2ABB0 /* LaunchScreen.xib */; };
		846BC0211A45FBC900D2ABB0 /* UITableViewChSolTests.m in Sources */ = {isa = PBXBuildFile; fileRef = 846BC0201A45FBC900D2ABB0 /* UITableViewChSolTests.m */; };
		846BC02C1A4600F800D2ABB0 /* YMSMyTableViewController.m in Sources */ = {isa = PBXBuildFile; fileRef = 846BC02B1A4600F800D2ABB0 /* YMSMyTableViewController.m */; };
/* End PBXBuildFile section */

/* Begin PBXContainerItemProxy section */
		846BC01B1A45FBC900D2ABB0 /* PBXContainerItemProxy */ = {
			isa = PBXContainerItemProxy;
			containerPortal = 846BBFF91A45FBC800D2ABB0 /* Project object */;
			proxyType = 1;
			remoteGlobalIDString = 846BC0001A45FBC800D2ABB0;
			remoteInfo = UITableViewChSol;
		};
/* End PBXContainerItemProxy section */

/* Begin PBXFileReference section */
		846BC0011A45FBC800D2ABB0 /* UITableViewChSol.app */ = {isa = PBXFileReference; explicitFileType = wrapper.application; includeInIndex = 0; path = UITableViewChSol.app; sourceTree = BUILT_PRODUCTS_DIR; };
		846BC0051A45FBC900D2ABB0 /* Info.plist */ = {isa = PBXFileReference; lastKnownFileType = text.plist.xml; path = Info.plist; sourceTree = "<group>"; };
		846BC0061A45FBC900D2ABB0 /* main.m */ = {isa = PBXFileReference; lastKnownFileType = sourcecode.c.objc; path = main.m; sourceTree = "<group>"; };
		846BC0081A45FBC900D2ABB0 /* AppDelegate.h */ = {isa = PBXFileReference; lastKnownFileType = sourcecode.c.h; path = AppDelegate.h; sourceTree = "<group>"; };
		846BC0091A45FBC900D2ABB0 /* AppDelegate.m */ = {isa = PBXFileReference; lastKnownFileType = sourcecode.c.objc; path = AppDelegate.m; sourceTree = "<group>"; };
		846BC00F1A45FBC900D2ABB0 /* Base */ = {isa = PBXFileReference; lastKnownFileType = file.storyboard; name = Base; path = Base.lproj/Main.storyboard; sourceTree = "<group>"; };
		846BC0111A45FBC900D2ABB0 /* Images.xcassets */ = {isa = PBXFileReference; lastKnownFileType = folder.assetcatalog; path = Images.xcassets; sourceTree = "<group>"; };
		846BC0141A45FBC900D2ABB0 /* Base */ = {isa = PBXFileReference; lastKnownFileType = file.xib; name = Base; path = Base.lproj/LaunchScreen.xib; sourceTree = "<group>"; };
		846BC01A1A45FBC900D2ABB0 /* UITableViewChSolTests.xctest */ = {isa = PBXFileReference; explicitFileType = wrapper.cfbundle; includeInIndex = 0; path = UITableViewChSolTests.xctest; sourceTree = BUILT_PRODUCTS_DIR; };
		846BC01F1A45FBC900D2ABB0 /* Info.plist */ = {isa = PBXFileReference; lastKnownFileType = text.plist.xml; path = Info.plist; sourceTree = "<group>"; };
		846BC0201A45FBC900D2ABB0 /* UITableViewChSolTests.m */ = {isa = PBXFileReference; lastKnownFileType = sourcecode.c.objc; path = UITableViewChSolTests.m; sourceTree = "<group>"; };
		846BC02A1A4600F800D2ABB0 /* YMSMyTableViewController.h */ = {isa = PBXFileReference; fileEncoding = 4; lastKnownFileType = sourcecode.c.h; path = YMSMyTableViewController.h; sourceTree = "<group>"; };
		846BC02B1A4600F800D2ABB0 /* YMSMyTableViewController.m */ = {isa = PBXFileReference; fileEncoding = 4; lastKnownFileType = sourcecode.c.objc; path = YMSMyTableViewController.m; sourceTree = "<group>"; };
/* End PBXFileReference section */

/* Begin PBXFrameworksBuildPhase section */
		846BBFFE1A45FBC800D2ABB0 /* Frameworks */ = {
			isa = PBXFrameworksBuildPhase;
			buildActionMask = 2147483647;
			files = (
			);
			runOnlyForDeploymentPostprocessing = 0;
		};
		846BC0171A45FBC900D2ABB0 /* Frameworks */ = {
			isa = PBXFrameworksBuildPhase;
			buildActionMask = 2147483647;
			files = (
			);
			runOnlyForDeploymentPostprocessing = 0;
		};
/* End PBXFrameworksBuildPhase section */

/* Begin PBXGroup section */
		846BBFF81A45FBC800D2ABB0 = {
			isa = PBXGroup;
			children = (
				846BC0031A45FBC800D2ABB0 /* UITableViewChSol */,
				846BC01D1A45FBC900D2ABB0 /* UITableViewChSolTests */,
				846BC0021A45FBC800D2ABB0 /* Products */,
			);
			sourceTree = "<group>";
		};
		846BC0021A45FBC800D2ABB0 /* Products */ = {
			isa = PBXGroup;
			children = (
				846BC0011A45FBC800D2ABB0 /* UITableViewChSol.app */,
				846BC01A1A45FBC900D2ABB0 /* UITableViewChSolTests.xctest */,
			);
			name = Products;
			sourceTree = "<group>";
		};
		846BC0031A45FBC800D2ABB0 /* UITableViewChSol */ = {
			isa = PBXGroup;
			children = (
				846BC0081A45FBC900D2ABB0 /* AppDelegate.h */,
				846BC0091A45FBC900D2ABB0 /* AppDelegate.m */,
				846BC02A1A4600F800D2ABB0 /* YMSMyTableViewController.h */,
				846BC02B1A4600F800D2ABB0 /* YMSMyTableViewController.m */,
				846BC00E1A45FBC900D2ABB0 /* Main.storyboard */,
				846BC0111A45FBC900D2ABB0 /* Images.xcassets */,
				846BC0131A45FBC900D2ABB0 /* LaunchScreen.xib */,
				846BC0041A45FBC900D2ABB0 /* Supporting Files */,
			);
			path = UITableViewChSol;
			sourceTree = "<group>";
		};
		846BC0041A45FBC900D2ABB0 /* Supporting Files */ = {
			isa = PBXGroup;
			children = (
				846BC0051A45FBC900D2ABB0 /* Info.plist */,
				846BC0061A45FBC900D2ABB0 /* main.m */,
			);
			name = "Supporting Files";
			sourceTree = "<group>";
		};
		846BC01D1A45FBC900D2ABB0 /* UITableViewChSolTests */ = {
			isa = PBXGroup;
			children = (
				846BC0201A45FBC900D2ABB0 /* UITableViewChSolTests.m */,
				846BC01E1A45FBC900D2ABB0 /* Supporting Files */,
			);
			path = UITableViewChSolTests;
			sourceTree = "<group>";
		};
		846BC01E1A45FBC900D2ABB0 /* Supporting Files */ = {
			isa = PBXGroup;
			children = (
				846BC01F1A45FBC900D2ABB0 /* Info.plist */,
			);
			name = "Supporting Files";
			sourceTree = "<group>";
		};
/* End PBXGroup section */

/* Begin PBXNativeTarget section */
		846BC0001A45FBC800D2ABB0 /* UITableViewChSol */ = {
			isa = PBXNativeTarget;
			buildConfigurationList = 846BC0241A45FBC900D2ABB0 /* Build configuration list for PBXNativeTarget "UITableViewChSol" */;
			buildPhases = (
				846BBFFD1A45FBC800D2ABB0 /* Sources */,
				846BBFFE1A45FBC800D2ABB0 /* Frameworks */,
				846BBFFF1A45FBC800D2ABB0 /* Resources */,
			);
			buildRules = (
			);
			dependencies = (
			);
			name = UITableViewChSol;
			productName = UITableViewChSol;
			productReference = 846BC0011A45FBC800D2ABB0 /* UITableViewChSol.app */;
			productType = "com.apple.product-type.application";
		};
		846BC0191A45FBC900D2ABB0 /* UITableViewChSolTests */ = {
			isa = PBXNativeTarget;
			buildConfigurationList = 846BC0271A45FBC900D2ABB0 /* Build configuration list for PBXNativeTarget "UITableViewChSolTests" */;
			buildPhases = (
				846BC0161A45FBC900D2ABB0 /* Sources */,
				846BC0171A45FBC900D2ABB0 /* Frameworks */,
				846BC0181A45FBC900D2ABB0 /* Resources */,
			);
			buildRules = (
			);
			dependencies = (
				846BC01C1A45FBC900D2ABB0 /* PBXTargetDependency */,
			);
			name = UITableViewChSolTests;
			productName = UITableViewChSolTests;
			productReference = 846BC01A1A45FBC900D2ABB0 /* UITableViewChSolTests.xctest */;
			productType = "com.apple.product-type.bundle.unit-test";
		};
/* End PBXNativeTarget section */

/* Begin PBXProject section */
		846BBFF91A45FBC800D2ABB0 /* Project object */ = {
			isa = PBXProject;
			attributes = {
				LastUpgradeCheck = 0610;
				ORGANIZATIONNAME = "Yaniv Mobile Solutions";
				TargetAttributes = {
					846BC0001A45FBC800D2ABB0 = {
						CreatedOnToolsVersion = 6.1.1;
					};
					846BC0191A45FBC900D2ABB0 = {
						CreatedOnToolsVersion = 6.1.1;
						TestTargetID = 846BC0001A45FBC800D2ABB0;
					};
				};
			};
			buildConfigurationList = 846BBFFC1A45FBC800D2ABB0 /* Build configuration list for PBXProject "UITableViewChSol" */;
			compatibilityVersion = "Xcode 3.2";
			developmentRegion = English;
			hasScannedForEncodings = 0;
			knownRegions = (
				en,
				Base,
			);
			mainGroup = 846BBFF81A45FBC800D2ABB0;
			productRefGroup = 846BC0021A45FBC800D2ABB0 /* Products */;
			projectDirPath = "";
			projectRoot = "";
			targets = (
				846BC0001A45FBC800D2ABB0 /* UITableViewChSol */,
				846BC0191A45FBC900D2ABB0 /* UITableViewChSolTests */,
			);
		};
/* End PBXProject section */

/* Begin PBXResourcesBuildPhase section */
		846BBFFF1A45FBC800D2ABB0 /* Resources */ = {
			isa = PBXResourcesBuildPhase;
			buildActionMask = 2147483647;
			files = (
				846BC0101A45FBC900D2ABB0 /* Main.storyboard in Resources */,
				846BC0151A45FBC900D2ABB0 /* LaunchScreen.xib in Resources */,
				846BC0121A45FBC900D2ABB0 /* Images.xcassets in Resources */,
			);
			runOnlyForDeploymentPostprocessing = 0;
		};
		846BC0181A45FBC900D2ABB0 /* Resources */ = {
			isa = PBXResourcesBuildPhase;
			buildActionMask = 2147483647;
			files = (
			);
			runOnlyForDeploymentPostprocessing = 0;
		};
/* End PBXResourcesBuildPhase section */

/* Begin PBXSourcesBuildPhase section */
		846BBFFD1A45FBC800D2ABB0 /* Sources */ = {
			isa = PBXSourcesBuildPhase;
			buildActionMask = 2147483647;
			files = (
				846BC00A1A45FBC900D2ABB0 /* AppDelegate.m in Sources */,
				846BC02C1A4600F800D2ABB0 /* YMSMyTableViewController.m in Sources */,
				846BC0071A45FBC900D2ABB0 /* main.m in Sources */,
			);
			runOnlyForDeploymentPostprocessing = 0;
		};
		846BC0161A45FBC900D2ABB0 /* Sources */ = {
			isa = PBXSourcesBuildPhase;
			buildActionMask = 2147483647;
			files = (
				846BC0211A45FBC900D2ABB0 /* UITableViewChSolTests.m in Sources */,
			);
			runOnlyForDeploymentPostprocessing = 0;
		};
/* End PBXSourcesBuildPhase section */

/* Begin PBXTargetDependency section */
		846BC01C1A45FBC900D2ABB0 /* PBXTargetDependency */ = {
			isa = PBXTargetDependency;
			target = 846BC0001A45FBC800D2ABB0 /* UITableViewChSol */;
			targetProxy = 846BC01B1A45FBC900D2ABB0 /* PBXContainerItemProxy */;
		};
/* End PBXTargetDependency section */

/* Begin PBXVariantGroup section */
		846BC00E1A45FBC900D2ABB0 /* Main.storyboard */ = {
			isa = PBXVariantGroup;
			children = (
				846BC00F1A45FBC900D2ABB0 /* Base */,
			);
			name = Main.storyboard;
			sourceTree = "<group>";
		};
		846BC0131A45FBC900D2ABB0 /* LaunchScreen.xib */ = {
			isa = PBXVariantGroup;
			children = (
				846BC0141A45FBC900D2ABB0 /* Base */,
			);
			name = LaunchScreen.xib;
			sourceTree = "<group>";
		};
/* End PBXVariantGroup section */

/* Begin XCBuildConfiguration section */
		846BC0221A45FBC900D2ABB0 /* Debug */ = {
			isa = XCBuildConfiguration;
			buildSettings = {
				ALWAYS_SEARCH_USER_PATHS = NO;
				CLANG_CXX_LANGUAGE_STANDARD = "gnu++0x";
				CLANG_CXX_LIBRARY = "libc++";
				CLANG_ENABLE_MODULES = YES;
				CLANG_ENABLE_OBJC_ARC = YES;
				CLANG_WARN_BOOL_CONVERSION = YES;
				CLANG_WARN_CONSTANT_CONVERSION = YES;
				CLANG_WARN_DIRECT_OBJC_ISA_USAGE = YES_ERROR;
				CLANG_WARN_EMPTY_BODY = YES;
				CLANG_WARN_ENUM_CONVERSION = YES;
				CLANG_WARN_INT_CONVERSION = YES;
				CLANG_WARN_OBJC_ROOT_CLASS = YES_ERROR;
				CLANG_WARN_UNREACHABLE_CODE = YES;
				CLANG_WARN__DUPLICATE_METHOD_MATCH = YES;
				"CODE_SIGN_IDENTITY[sdk=iphoneos*]" = "iPhone Developer";
				COPY_PHASE_STRIP = NO;
				ENABLE_STRICT_OBJC_MSGSEND = YES;
				GCC_C_LANGUAGE_STANDARD = gnu99;
				GCC_DYNAMIC_NO_PIC = NO;
				GCC_OPTIMIZATION_LEVEL = 0;
				GCC_PREPROCESSOR_DEFINITIONS = (
					"DEBUG=1",
					"$(inherited)",
				);
				GCC_SYMBOLS_PRIVATE_EXTERN = NO;
				GCC_WARN_64_TO_32_BIT_CONVERSION = YES;
				GCC_WARN_ABOUT_RETURN_TYPE = YES_ERROR;
				GCC_WARN_UNDECLARED_SELECTOR = YES;
				GCC_WARN_UNINITIALIZED_AUTOS = YES_AGGRESSIVE;
				GCC_WARN_UNUSED_FUNCTION = YES;
				GCC_WARN_UNUSED_VARIABLE = YES;
				IPHONEOS_DEPLOYMENT_TARGET = 8.1;
				MTL_ENABLE_DEBUG_INFO = YES;
				ONLY_ACTIVE_ARCH = YES;
				SDKROOT = iphoneos;
			};
			name = Debug;
		};
		846BC0231A45FBC900D2ABB0 /* Release */ = {
			isa = XCBuildConfiguration;
			buildSettings = {
				ALWAYS_SEARCH_USER_PATHS = NO;
				CLANG_CXX_LANGUAGE_STANDARD = "gnu++0x";
				CLANG_CXX_LIBRARY = "libc++";
				CLANG_ENABLE_MODULES = YES;
				CLANG_ENABLE_OBJC_ARC = YES;
				CLANG_WARN_BOOL_CONVERSION = YES;
				CLANG_WARN_CONSTANT_CONVERSION = YES;
				CLANG_WARN_DIRECT_OBJC_ISA_USAGE = YES_ERROR;
				CLANG_WARN_EMPTY_BODY = YES;
				CLANG_WARN_ENUM_CONVERSION = YES;
				CLANG_WARN_INT_CONVERSION = YES;
				CLANG_WARN_OBJC_ROOT_CLASS = YES_ERROR;
				CLANG_WARN_UNREACHABLE_CODE = YES;
				CLANG_WARN__DUPLICATE_METHOD_MATCH = YES;
				"CODE_SIGN_IDENTITY[sdk=iphoneos*]" = "iPhone Developer";
				COPY_PHASE_STRIP = YES;
				ENABLE_NS_ASSERTIONS = NO;
				ENABLE_STRICT_OBJC_MSGSEND = YES;
				GCC_C_LANGUAGE_STANDARD = gnu99;
				GCC_WARN_64_TO_32_BIT_CONVERSION = YES;
				GCC_WARN_ABOUT_RETURN_TYPE = YES_ERROR;
				GCC_WARN_UNDECLARED_SELECTOR = YES;
				GCC_WARN_UNINITIALIZED_AUTOS = YES_AGGRESSIVE;
				GCC_WARN_UNUSED_FUNCTION = YES;
				GCC_WARN_UNUSED_VARIABLE = YES;
				IPHONEOS_DEPLOYMENT_TARGET = 8.1;
				MTL_ENABLE_DEBUG_INFO = NO;
				SDKROOT = iphoneos;
				VALIDATE_PRODUCT = YES;
			};
			name = Release;
		};
		846BC0251A45FBC900D2ABB0 /* Debug */ = {
			isa = XCBuildConfiguration;
			buildSettings = {
				ASSETCATALOG_COMPILER_APPICON_NAME = AppIcon;
				INFOPLIST_FILE = UITableViewChSol/Info.plist;
				LD_RUNPATH_SEARCH_PATHS = "$(inherited) @executable_path/Frameworks";
				PRODUCT_NAME = "$(TARGET_NAME)";
			};
			name = Debug;
		};
		846BC0261A45FBC900D2ABB0 /* Release */ = {
			isa = XCBuildConfiguration;
			buildSettings = {
				ASSETCATALOG_COMPILER_APPICON_NAME = AppIcon;
				INFOPLIST_FILE = UITableViewChSol/Info.plist;
				LD_RUNPATH_SEARCH_PATHS = "$(inherited) @executable_path/Frameworks";
				PRODUCT_NAME = "$(TARGET_NAME)";
			};
			name = Release;
		};
		846BC0281A45FBC900D2ABB0 /* Debug */ = {
			isa = XCBuildConfiguration;
			buildSettings = {
				BUNDLE_LOADER = "$(TEST_HOST)";
				FRAMEWORK_SEARCH_PATHS = (
					"$(SDKROOT)/Developer/Library/Frameworks",
					"$(inherited)",
				);
				GCC_PREPROCESSOR_DEFINITIONS = (
					"DEBUG=1",
					"$(inherited)",
				);
				INFOPLIST_FILE = UITableViewChSolTests/Info.plist;
				LD_RUNPATH_SEARCH_PATHS = "$(inherited) @executable_path/Frameworks @loader_path/Frameworks";
				PRODUCT_NAME = "$(TARGET_NAME)";
				TEST_HOST = "$(BUILT_PRODUCTS_DIR)/UITableViewChSol.app/UITableViewChSol";
			};
			name = Debug;
		};
		846BC0291A45FBC900D2ABB0 /* Release */ = {
			isa = XCBuildConfiguration;
			buildSettings = {
				BUNDLE_LOADER = "$(TEST_HOST)";
				FRAMEWORK_SEARCH_PATHS = (
					"$(SDKROOT)/Developer/Library/Frameworks",
					"$(inherited)",
				);
				INFOPLIST_FILE = UITableViewChSolTests/Info.plist;
				LD_RUNPATH_SEARCH_PATHS = "$(inherited) @executable_path/Frameworks @loader_path/Frameworks";
				PRODUCT_NAME = "$(TARGET_NAME)";
				TEST_HOST = "$(BUILT_PRODUCTS_DIR)/UITableViewChSol.app/UITableViewChSol";
			};
			name = Release;
		};
/* End XCBuildConfiguration section */

/* Begin XCConfigurationList section */
		846BBFFC1A45FBC800D2ABB0 /* Build configuration list for PBXProject "UITableViewChSol" */ = {
			isa = XCConfigurationList;
			buildConfigurations = (
				846BC0221A45FBC900D2ABB0 /* Debug */,
				846BC0231A45FBC900D2ABB0 /* Release */,
			);
			defaultConfigurationIsVisible = 0;
			defaultConfigurationName = Release;
		};
		846BC0241A45FBC900D2ABB0 /* Build configuration list for PBXNativeTarget "UITableViewChSol" */ = {
			isa = XCConfigurationList;
			buildConfigurations = (
				846BC0251A45FBC900D2ABB0 /* Debug */,
				846BC0261A45FBC900D2ABB0 /* Release */,
			);
			defaultConfigurationIsVisible = 0;
		};
		846BC0271A45FBC900D2ABB0 /* Build configuration list for PBXNativeTarget "UITableViewChSolTests" */ = {
			isa = XCConfigurationList;
			buildConfigurations = (
				846BC0281A45FBC900D2ABB0 /* Debug */,
				846BC0291A45FBC900D2ABB0 /* Release */,
			);
			defaultConfigurationIsVisible = 0;
		};
/* End XCConfigurationList section */
	};
	rootObject = 846BBFF91A45FBC800D2ABB0 /* Project object */;
}
